<Solution>
  <Folder Name="/src/">
    <Project Path="src/UpdateHelper.Core/UpdateHelper.Core.csproj" />
    <Project Path="src/UpdateHelper.ScanCli/UpdateHelper.ScanCli.csproj" />
  </Folder>
  <Folder Name="/tests/">
    <Project Path="tests/UpdateHelper.Core.Tests/UpdateHelper.Core.Tests.csproj" />
  </Folder>
</Solution>
